
Microsoft Visual Studio Solution File, Format Version 12.00
Project("{FAE04EC0-301F-11D3-BF4B-00C04F79EFBC}") = "SpeedyNotes_Back", "SpeedyNotes_Back\SpeedyNotes_Back.csproj", "{618B34AB-1C6B-4C1A-A571-27A5D8E9E054}"
EndProject
Global
	GlobalSection(SolutionConfigurationPlatforms) = preSolution
		Debug|Any CPU = Debug|Any CPU
		Release|Any CPU = Release|Any CPU
	EndGlobalSection
	GlobalSection(ProjectConfigurationPlatforms) = postSolution
		{618B34AB-1C6B-4C1A-A571-27A5D8E9E054}.Debug|Any CPU.ActiveCfg = Debug|Any CPU
		{618B34AB-1C6B-4C1A-A571-27A5D8E9E054}.Debug|Any CPU.Build.0 = Debug|Any CPU
		{618B34AB-1C6B-4C1A-A571-27A5D8E9E054}.Release|Any CPU.ActiveCfg = Release|Any CPU
		{618B34AB-1C6B-4C1A-A571-27A5D8E9E054}.Release|Any CPU.Build.0 = Release|Any CPU
	EndGlobalSection
EndGlobal
